
Microsoft Visual Studio Solution File, Format Version 12.00
# Visual Studio Version 16
VisualStudioVersion = 16.0.32228.343
MinimumVisualStudioVersion = 10.0.40219.1
Project("{F184B08F-C81C-45F6-A57F-5ABD9991F28F}") = "Priyamform1", "Priyamform1\Priyamform1.vbproj", "{4AE2F8B6-73FF-4957-9E3B-C823BDD41C7E}"
EndProject
Global
	GlobalSection(SolutionConfigurationPlatforms) = preSolution
		Debug|Any CPU = Debug|Any CPU
		Release|Any CPU = Release|Any CPU
	EndGlobalSection
	GlobalSection(ProjectConfigurationPlatforms) = postSolution
		{4AE2F8B6-73FF-4957-9E3B-C823BDD41C7E}.Debug|Any CPU.ActiveCfg = Debug|Any CPU
		{4AE2F8B6-73FF-4957-9E3B-C823BDD41C7E}.Debug|Any CPU.Build.0 = Debug|Any CPU
		{4AE2F8B6-73FF-4957-9E3B-C823BDD41C7E}.Release|Any CPU.ActiveCfg = Release|Any CPU
		{4AE2F8B6-73FF-4957-9E3B-C823BDD41C7E}.Release|Any CPU.Build.0 = Release|Any CPU
	EndGlobalSection
	GlobalSection(SolutionProperties) = preSolution
		HideSolutionNode = FALSE
	EndGlobalSection
	GlobalSection(ExtensibilityGlobals) = postSolution
		SolutionGuid = {57D050D9-CA3A-467F-95CC-A604A0C53EFC}
	EndGlobalSection
EndGlobal
